
Microsoft Visual Studio Solution File, Format Version 12.00
Project("{FAE04EC0-301F-11D3-BF4B-00C04F79EFBC}") = "CPass", "CPass\CPass.csproj", "{7A0F5B17-F240-4584-91C8-8288785B382B}"
EndProject
Global
	GlobalSection(SolutionConfigurationPlatforms) = preSolution
		Debug|Any CPU = Debug|Any CPU
		Release|Any CPU = Release|Any CPU
	EndGlobalSection
	GlobalSection(ProjectConfigurationPlatforms) = postSolution
		{7A0F5B17-F240-4584-91C8-8288785B382B}.Debug|Any CPU.ActiveCfg = Debug|Any CPU
		{7A0F5B17-F240-4584-91C8-8288785B382B}.Debug|Any CPU.Build.0 = Debug|Any CPU
		{7A0F5B17-F240-4584-91C8-8288785B382B}.Debug|Any CPU.Deploy.0 = Debug|Any CPU
		{7A0F5B17-F240-4584-91C8-8288785B382B}.Release|Any CPU.ActiveCfg = Release|Any CPU
		{7A0F5B17-F240-4584-91C8-8288785B382B}.Release|Any CPU.Build.0 = Release|Any CPU
		{7A0F5B17-F240-4584-91C8-8288785B382B}.Release|Any CPU.Deploy.0 = Release|Any CPU
	EndGlobalSection
EndGlobal
